
Microsoft Visual Studio Solution File, Format Version 12.00
# Visual Studio 15
VisualStudioVersion = 15.0.27703.2000
MinimumVisualStudioVersion = 10.0.40219.1
Project("{FAE04EC0-301F-11D3-BF4B-00C04F79EFBC}") = "FATCA Data Preparation and Transmission System", "FATCA Data Preparation and Transmission System\FATCA Data Preparation and Transmission System.csproj", "{980691B1-DD06-47CB-A274-97028C1A3BB0}"
EndProject
Global
	GlobalSection(SolutionConfigurationPlatforms) = preSolution
		Debug|Any CPU = Debug|Any CPU
		Release|Any CPU = Release|Any CPU
	EndGlobalSection
	GlobalSection(ProjectConfigurationPlatforms) = postSolution
		{980691B1-DD06-47CB-A274-97028C1A3BB0}.Debug|Any CPU.ActiveCfg = Debug|Any CPU
		{980691B1-DD06-47CB-A274-97028C1A3BB0}.Debug|Any CPU.Build.0 = Debug|Any CPU
		{980691B1-DD06-47CB-A274-97028C1A3BB0}.Release|Any CPU.ActiveCfg = Release|Any CPU
		{980691B1-DD06-47CB-A274-97028C1A3BB0}.Release|Any CPU.Build.0 = Release|Any CPU
	EndGlobalSection
	GlobalSection(SolutionProperties) = preSolution
		HideSolutionNode = FALSE
	EndGlobalSection
	GlobalSection(ExtensibilityGlobals) = postSolution
		SolutionGuid = {13EC1543-3F27-4201-AA2D-CF327BE544BE}
	EndGlobalSection
EndGlobal
